
Microsoft Visual Studio Solution File, Format Version 12.00
# Visual Studio Version 17
VisualStudioVersion = 17.7.34221.43
MinimumVisualStudioVersion = 10.0.40219.1
Project("{FAE04EC0-301F-11D3-BF4B-00C04F79EFBC}") = "Domain", "Domain\Domain.csproj", "{70623DAD-77D0-4599-9744-F14F935F0E88}"
EndProject
Global
	GlobalSection(SolutionConfigurationPlatforms) = preSolution
		Debug|Any CPU = Debug|Any CPU
		Release|Any CPU = Release|Any CPU
	EndGlobalSection
	GlobalSection(ProjectConfigurationPlatforms) = postSolution
		{70623DAD-77D0-4599-9744-F14F935F0E88}.Debug|Any CPU.ActiveCfg = Debug|Any CPU
		{70623DAD-77D0-4599-9744-F14F935F0E88}.Debug|Any CPU.Build.0 = Debug|Any CPU
		{70623DAD-77D0-4599-9744-F14F935F0E88}.Release|Any CPU.ActiveCfg = Release|Any CPU
		{70623DAD-77D0-4599-9744-F14F935F0E88}.Release|Any CPU.Build.0 = Release|Any CPU
	EndGlobalSection
	GlobalSection(SolutionProperties) = preSolution
		HideSolutionNode = FALSE
	EndGlobalSection
	GlobalSection(ExtensibilityGlobals) = postSolution
		SolutionGuid = {EB948B36-CD33-46E0-8C87-79BA8A412BE5}
	EndGlobalSection
EndGlobal
