
Microsoft Visual Studio Solution File, Format Version 12.00
# Visual Studio Version 17
VisualStudioVersion = 17.7.34221.43
MinimumVisualStudioVersion = 10.0.40219.1
Project("{9A19103F-16F7-4668-BE54-9A1E7A4F7556}") = "Presentation", "Presentation\Presentation.csproj", "{7028863D-ACB9-4AB0-8EDD-2B3E8E8C5B60}"
EndProject
Project("{9A19103F-16F7-4668-BE54-9A1E7A4F7556}") = "Domain", "Domain\Domain.csproj", "{99A2ACDF-9A06-4965-ADCC-031AE54C1C5C}"
EndProject
Project("{9A19103F-16F7-4668-BE54-9A1E7A4F7556}") = "DataAccess", "DataAccess\DataAccess.csproj", "{581F1A90-5076-4CD2-928E-2BEA2EEFC587}"
EndProject
Global
	GlobalSection(SolutionConfigurationPlatforms) = preSolution
		Debug|Any CPU = Debug|Any CPU
		Release|Any CPU = Release|Any CPU
	EndGlobalSection
	GlobalSection(ProjectConfigurationPlatforms) = postSolution
		{7028863D-ACB9-4AB0-8EDD-2B3E8E8C5B60}.Debug|Any CPU.ActiveCfg = Debug|Any CPU
		{7028863D-ACB9-4AB0-8EDD-2B3E8E8C5B60}.Debug|Any CPU.Build.0 = Debug|Any CPU
		{7028863D-ACB9-4AB0-8EDD-2B3E8E8C5B60}.Release|Any CPU.ActiveCfg = Release|Any CPU
		{7028863D-ACB9-4AB0-8EDD-2B3E8E8C5B60}.Release|Any CPU.Build.0 = Release|Any CPU
		{99A2ACDF-9A06-4965-ADCC-031AE54C1C5C}.Debug|Any CPU.ActiveCfg = Debug|Any CPU
		{99A2ACDF-9A06-4965-ADCC-031AE54C1C5C}.Debug|Any CPU.Build.0 = Debug|Any CPU
		{99A2ACDF-9A06-4965-ADCC-031AE54C1C5C}.Release|Any CPU.ActiveCfg = Release|Any CPU
		{99A2ACDF-9A06-4965-ADCC-031AE54C1C5C}.Release|Any CPU.Build.0 = Release|Any CPU
		{581F1A90-5076-4CD2-928E-2BEA2EEFC587}.Debug|Any CPU.ActiveCfg = Debug|Any CPU
		{581F1A90-5076-4CD2-928E-2BEA2EEFC587}.Debug|Any CPU.Build.0 = Debug|Any CPU
		{581F1A90-5076-4CD2-928E-2BEA2EEFC587}.Release|Any CPU.ActiveCfg = Release|Any CPU
		{581F1A90-5076-4CD2-928E-2BEA2EEFC587}.Release|Any CPU.Build.0 = Release|Any CPU
	EndGlobalSection
	GlobalSection(SolutionProperties) = preSolution
		HideSolutionNode = FALSE
	EndGlobalSection
	GlobalSection(ExtensibilityGlobals) = postSolution
		SolutionGuid = {C809B61E-B721-4E24-A3B9-6DA84399826F}
	EndGlobalSection
EndGlobal
